Microsoft Visual Studio Solution File, Format Version 12.00
# Visual Studio Version 17
VisualStudioVersion = 17.5.2.0
MinimumVisualStudioVersion = 10.0.40219.1
Project("{FAE04EC0-301F-11D3-BF4B-00C04F79EFBC}") = "ApiReposteria", "ApiReposteria.csproj", "{8532166B-083B-F52E-4609-B7C48F85CAE5}"
EndProject
Global
	GlobalSection(SolutionConfigurationPlatforms) = preSolution
		Debug|Any CPU = Debug|Any CPU
		Release|Any CPU = Release|Any CPU
	EndGlobalSection
	GlobalSection(ProjectConfigurationPlatforms) = postSolution
		{8532166B-083B-F52E-4609-B7C48F85CAE5}.Debug|Any CPU.ActiveCfg = Debug|Any CPU
		{8532166B-083B-F52E-4609-B7C48F85CAE5}.Debug|Any CPU.Build.0 = Debug|Any CPU
		{8532166B-083B-F52E-4609-B7C48F85CAE5}.Release|Any CPU.ActiveCfg = Release|Any CPU
		{8532166B-083B-F52E-4609-B7C48F85CAE5}.Release|Any CPU.Build.0 = Release|Any CPU
	EndGlobalSection
	GlobalSection(SolutionProperties) = preSolution
		HideSolutionNode = FALSE
	EndGlobalSection
	GlobalSection(ExtensibilityGlobals) = postSolution
		SolutionGuid = {8EC1CF62-BC66-4564-8BBC-81F5CF75585D}
	EndGlobalSection
EndGlobal
